<?xml version="1.0" encoding="utf-8"?>
<Project ToolsVersion="4.0" xmlns="http://schemas.microsoft.com/developer/msbuild/2003">
  <ItemGroup>
    <Filter Include="Source Files">
      <UniqueIdentifier>{4FC737F1-C7A5-4376-A066-2A32D752A2FF}</UniqueIdentifier>
      <Extensions>cpp;c;cc;cxx;c++;cppm;ixx;def;odl;idl;hpj;bat;asm;asmx</Extensions>
    </Filter>
    <Filter Include="Header Files">
      <UniqueIdentifier>{93995380-89BD-4b04-88EB-625FBE52EBFB}</UniqueIdentifier>
      <Extensions>h;hh;hpp;hxx;h++;hm;inl;inc;ipp;xsd</Extensions>
    </Filter>
    <Filter Include="Resource Files">
      <UniqueIdentifier>{67DA6AB6-F800-4c08-8B7A-83BB121AAD01}</UniqueIdentifier>
      <Extensions>rc;ico;cur;bmp;dlg;rc2;rct;bin;rgs;gif;jpg;jpeg;jpe;resx;tiff;tif;png;wav;mfcribbon-ms</Extensions>
    </Filter>
  </ItemGroup>
  <ItemGroup>
    <ClCompile Include="Source\Main.cpp">
      <Filter>Source Files</Filter>
    </ClCompile>
    <ClCompile Include="Source\Util.cpp">
      <Filter>Source Files</Filter>
    </ClCompile>
    <ClCompile Include="Source\TextRenderer.cpp">
      <Filter>Source Files</Filter>
    </ClCompile>
  </ItemGroup>
  <ItemGroup>
    <ClInclude Include="Header\stb_image.h">
      <Filter>Header Files</Filter>
    </ClInclude>
    <ClInclude Include="Header\Util.h">
      <Filter>Header Files</Filter>
    </ClInclude>
    <ClInclude Include="Header\TextRenderer.h">
      <Filter>Header Files</Filter>
    </ClInclude>
  </ItemGroup>
  <ItemGroup>
    <None Include="packages.config" />
    <None Include="Shaders\background.frag">
      <Filter>Source Files</Filter>
    </None>
    <None Include="Shaders\background.vert">
      <Filter>Source Files</Filter>
    </None>
    <None Include="Shaders\rect.vert">
      <Filter>Source Files</Filter>
    </None>
    <None Include="Shaders\rect.frag">
      <Filter>Source Files</Filter>
    </None>
    <None Include="Shaders\rocket.vert">
      <Filter>Source Files</Filter>
    </None>
    <None Include="Shaders\rocket.frag">
      <Filter>Source Files</Filter>
    </None>
    <None Include="Shaders\color.vert">
      <Filter>Source Files</Filter>
    </None>
    <None Include="Shaders\color.frag">
      <Filter>Source Files</Filter>
    </None>
  </ItemGroup>
  <ItemGroup>
    <Image Include="Resources\61HS9YSFT4L._AC_UF894,1000_QL80_.jpg">
      <Filter>Resource Files</Filter>
    </Image>
    <Image Include="Resources\alien1_1.png">
      <Filter>Resource Files</Filter>
    </Image>
    <Image Include="Resources\alien2_1.png">
      <Filter>Resource Files</Filter>
    </Image>
    <Image Include="Resources\alien3_1.png">
      <Filter>Resource Files</Filter>
    </Image>
    <Image Include="Resources\alien4_1.png">
      <Filter>Resource Files</Filter>
    </Image>
    <Image Include="Resources\alien5_1.png">
      <Filter>Resource Files</Filter>
    </Image>
    <Image Include="Resources\alien6_1.png">
      <Filter>Resource Files</Filter>
    </Image>
    <Image Include="Resources\alien7_1.png">
      <Filter>Resource Files</Filter>
    </Image>
    <Image Include="Resources\images.jpg">
      <Filter>Resource Files</Filter>
    </Image>
    <Image Include="Resources\istockphoto-1353996708-612x612.jpg">
      <Filter>Resource Files</Filter>
    </Image>
    <Image Include="Resources\nametag2.png">
      <Filter>Resource Files</Filter>
    </Image>
    <Image Include="Resources\neptune_fin_flood_LD_v4.jpg">
      <Filter>Resource Files</Filter>
    </Image>
    <Image Include="Resources\phoebe-regio-640x381-ezgif.com-webp-to-jpg-converter.jpg">
      <Filter>Resource Files</Filter>
    </Image>
    <Image Include="Resources\PIA17043.jpg">
      <Filter>Resource Files</Filter>
    </Image>
    <Image Include="Resources\Screenshot_20190320-145515.png">
      <Filter>Resource Files</Filter>
    </Image>
    <Image Include="Resources\shutterstock-1041249343-ezgif.com-webp-to-jpg-converter.jpg">
      <Filter>Resource Files</Filter>
    </Image>
    <Image Include="Resources\rocket.png">
      <Filter>Resource Files</Filter>
    </Image>
    <Image Include="Resources\cursor.png">
      <Filter>Resource Files</Filter>
    </Image>
    <Image Include="Resources\-OWrBW3G.png">
      <Filter>Resource Files</Filter>
    </Image>
    <Image Include="Resources\star.png">
      <Filter>Resource Files</Filter>
    </Image>
    <Image Include="Resources\purpletransparent50.png">
      <Filter>Resource Files</Filter>
    </Image>
    <Image Include="Resources\rocket2.png">
      <Filter>Resource Files</Filter>
    </Image>
  </ItemGroup>
  <ItemGroup>
    <Font Include="Resources\ScienceGothic_Condensed-Regular.ttf">
      <Filter>Resource Files</Filter>
    </Font>
  </ItemGroup>
</Project>